// !$*UTF8*$!
{
	archiveVersion = 1;
	classes = {
	};
	objectVersion = 50;
	objects = {

/* Begin PBXBuildFile section */
		C458C2937D925984E0BFA4CF /* Pods_Marvel_App.framework in Frameworks */ = {isa = PBXBuildFile; fileRef = ABD82DAFFA66885217A08035 /* Pods_Marvel_App.framework */; };
		F407281C22B781FE003F5B3F /* MarvelsController.swift in Sources */ = {isa = PBXBuildFile; fileRef = F407281B22B781FE003F5B3F /* MarvelsController.swift */; };
		F407281E22B78215003F5B3F /* MarvelDetailsController.swift in Sources */ = {isa = PBXBuildFile; fileRef = F407281D22B78215003F5B3F /* MarvelDetailsController.swift */; };
		F407282622B78379003F5B3F /* CoreDataManager.swift in Sources */ = {isa = PBXBuildFile; fileRef = F407282322B78379003F5B3F /* CoreDataManager.swift */; };
		F407282722B78379003F5B3F /* Marvel.xcdatamodeld in Sources */ = {isa = PBXBuildFile; fileRef = F407282422B78379003F5B3F /* Marvel.xcdatamodeld */; };
		F407282D22B7885D003F5B3F /* AlamofireRequests.swift in Sources */ = {isa = PBXBuildFile; fileRef = F407282A22B7885D003F5B3F /* AlamofireRequests.swift */; };
		F407282E22B7885D003F5B3F /* DecodableCheck.swift in Sources */ = {isa = PBXBuildFile; fileRef = F407282B22B7885D003F5B3F /* DecodableCheck.swift */; };
		F407282F22B7885D003F5B3F /* NetworkServices.swift in Sources */ = {isa = PBXBuildFile; fileRef = F407282C22B7885D003F5B3F /* NetworkServices.swift */; };
		F407283422B7887F003F5B3F /* AppConstants.swift in Sources */ = {isa = PBXBuildFile; fileRef = F407283122B7887F003F5B3F /* AppConstants.swift */; };
		F407283522B7887F003F5B3F /* LoadImageFromURL.swift in Sources */ = {isa = PBXBuildFile; fileRef = F407283222B7887F003F5B3F /* LoadImageFromURL.swift */; };
		F407283622B7887F003F5B3F /* SearchController.swift in Sources */ = {isa = PBXBuildFile; fileRef = F407283322B7887F003F5B3F /* SearchController.swift */; };
		F416D13122B537D4005EEECB /* AppDelegate.swift in Sources */ = {isa = PBXBuildFile; fileRef = F416D13022B537D4005EEECB /* AppDelegate.swift */; };
		F416D13822B537D7005EEECB /* Assets.xcassets in Resources */ = {isa = PBXBuildFile; fileRef = F416D13722B537D7005EEECB /* Assets.xcassets */; };
		F416D13B22B537D7005EEECB /* LaunchScreen.storyboard in Resources */ = {isa = PBXBuildFile; fileRef = F416D13922B537D7005EEECB /* LaunchScreen.storyboard */; };
		F4586D9822B78DA0003CA500 /* MarvelsTableViewCell.swift in Sources */ = {isa = PBXBuildFile; fileRef = F4586D9622B78DA0003CA500 /* MarvelsTableViewCell.swift */; };
		F4586D9922B78DA0003CA500 /* MarvelsTableViewCell.xib in Resources */ = {isa = PBXBuildFile; fileRef = F4586D9722B78DA0003CA500 /* MarvelsTableViewCell.xib */; };
		F4586D9B22B78F02003CA500 /* CustomSpinner.swift in Sources */ = {isa = PBXBuildFile; fileRef = F4586D9A22B78F02003CA500 /* CustomSpinner.swift */; };
		F4586D9D22B78F5C003CA500 /* Ext-TableView.swift in Sources */ = {isa = PBXBuildFile; fileRef = F4586D9C22B78F5C003CA500 /* Ext-TableView.swift */; };
		F4586D9F22B79018003CA500 /* Ext-SearchBar.swift in Sources */ = {isa = PBXBuildFile; fileRef = F4586D9E22B79018003CA500 /* Ext-SearchBar.swift */; };
		F4586DA122B790D8003CA500 /* Marvel.swift in Sources */ = {isa = PBXBuildFile; fileRef = F4586DA022B790D8003CA500 /* Marvel.swift */; };
		F4586DA422B7914B003CA500 /* NetworkMarvel.swift in Sources */ = {isa = PBXBuildFile; fileRef = F4586DA322B7914B003CA500 /* NetworkMarvel.swift */; };
		F4586DA622B792FA003CA500 /* SaveDataWrapper.swift in Sources */ = {isa = PBXBuildFile; fileRef = F4586DA522B792FA003CA500 /* SaveDataWrapper.swift */; };
		F4586DA822B7970D003CA500 /* Colors.swift in Sources */ = {isa = PBXBuildFile; fileRef = F4586DA722B7970D003CA500 /* Colors.swift */; };
		F4586DAB22B7971E003CA500 /* UIViewExt.swift in Sources */ = {isa = PBXBuildFile; fileRef = F4586DA922B7971D003CA500 /* UIViewExt.swift */; };
		F4586DAC22B7971E003CA500 /* UIImageViewExt.swift in Sources */ = {isa = PBXBuildFile; fileRef = F4586DAA22B7971E003CA500 /* UIImageViewExt.swift */; };
		F4586DAF22B7972E003CA500 /* UIButtonExt.swift in Sources */ = {isa = PBXBuildFile; fileRef = F4586DAD22B7972E003CA500 /* UIButtonExt.swift */; };
		F4586DB022B7972E003CA500 /* UILabelExt.swift in Sources */ = {isa = PBXBuildFile; fileRef = F4586DAE22B7972E003CA500 /* UILabelExt.swift */; };
		F4586DB222B79739003CA500 /* UITextFieldExt.swift in Sources */ = {isa = PBXBuildFile; fileRef = F4586DB122B79739003CA500 /* UITextFieldExt.swift */; };
		F4586DB422B7C168003CA500 /* MarvelImage.swift in Sources */ = {isa = PBXBuildFile; fileRef = F4586DB322B7C168003CA500 /* MarvelImage.swift */; };
		F4853E7722B6373C0090305A /* Main.storyboard in Resources */ = {isa = PBXBuildFile; fileRef = F4853E7622B6373C0090305A /* Main.storyboard */; };
/* End PBXBuildFile section */

/* Begin PBXFileReference section */
		ABD82DAFFA66885217A08035 /* Pods_Marvel_App.framework */ = {isa = PBXFileReference; explicitFileType = wrapper.framework; includeInIndex = 0; path = Pods_Marvel_App.framework; sourceTree = BUILT_PRODUCTS_DIR; };
		B2E5BB1D8AB247BD09F3B98A /* Pods-Marvel-App.release.xcconfig */ = {isa = PBXFileReference; includeInIndex = 1; lastKnownFileType = text.xcconfig; name = "Pods-Marvel-App.release.xcconfig"; path = "Pods/Target Support Files/Pods-Marvel-App/Pods-Marvel-App.release.xcconfig"; sourceTree = "<group>"; };
		C98F285FF1B17690322384CA /* Pods-Marvel-App.debug.xcconfig */ = {isa = PBXFileReference; includeInIndex = 1; lastKnownFileType = text.xcconfig; name = "Pods-Marvel-App.debug.xcconfig"; path = "Pods/Target Support Files/Pods-Marvel-App/Pods-Marvel-App.debug.xcconfig"; sourceTree = "<group>"; };
		F407281B22B781FE003F5B3F /* MarvelsController.swift */ = {isa = PBXFileReference; lastKnownFileType = sourcecode.swift; path = MarvelsController.swift; sourceTree = "<group>"; };
		F407281D22B78215003F5B3F /* MarvelDetailsController.swift */ = {isa = PBXFileReference; lastKnownFileType = sourcecode.swift; path = MarvelDetailsController.swift; sourceTree = "<group>"; };
		F407282322B78379003F5B3F /* CoreDataManager.swift */ = {isa = PBXFileReference; fileEncoding = 4; lastKnownFileType = sourcecode.swift; path = CoreDataManager.swift; sourceTree = "<group>"; };
		F407282522B78379003F5B3F /* ProductsProject.xcdatamodel */ = {isa = PBXFileReference; lastKnownFileType = wrapper.xcdatamodel; path = ProductsProject.xcdatamodel; sourceTree = "<group>"; };
		F407282A22B7885D003F5B3F /* AlamofireRequests.swift */ = {isa = PBXFileReference; fileEncoding = 4; lastKnownFileType = sourcecode.swift; path = AlamofireRequests.swift; sourceTree = "<group>"; };
		F407282B22B7885D003F5B3F /* DecodableCheck.swift */ = {isa = PBXFileReference; fileEncoding = 4; lastKnownFileType = sourcecode.swift; path = DecodableCheck.swift; sourceTree = "<group>"; };
		F407282C22B7885D003F5B3F /* NetworkServices.swift */ = {isa = PBXFileReference; fileEncoding = 4; lastKnownFileType = sourcecode.swift; path = NetworkServices.swift; sourceTree = "<group>"; };
		F407283122B7887F003F5B3F /* AppConstants.swift */ = {isa = PBXFileReference; fileEncoding = 4; lastKnownFileType = sourcecode.swift; path = AppConstants.swift; sourceTree = "<group>"; };
		F407283222B7887F003F5B3F /* LoadImageFromURL.swift */ = {isa = PBXFileReference; fileEncoding = 4; lastKnownFileType = sourcecode.swift; path = LoadImageFromURL.swift; sourceTree = "<group>"; };
		F407283322B7887F003F5B3F /* SearchController.swift */ = {isa = PBXFileReference; fileEncoding = 4; lastKnownFileType = sourcecode.swift; path = SearchController.swift; sourceTree = "<group>"; };
		F416D12D22B537D4005EEECB /* Marvel-App.app */ = {isa = PBXFileReference; explicitFileType = wrapper.application; includeInIndex = 0; path = "Marvel-App.app"; sourceTree = BUILT_PRODUCTS_DIR; };
		F416D13022B537D4005EEECB /* AppDelegate.swift */ = {isa = PBXFileReference; lastKnownFileType = sourcecode.swift; path = AppDelegate.swift; sourceTree = "<group>"; };
		F416D13722B537D7005EEECB /* Assets.xcassets */ = {isa = PBXFileReference; lastKnownFileType = folder.assetcatalog; path = Assets.xcassets; sourceTree = "<group>"; };
		F416D13A22B537D7005EEECB /* Base */ = {isa = PBXFileReference; lastKnownFileType = file.storyboard; name = Base; path = Base.lproj/LaunchScreen.storyboard; sourceTree = "<group>"; };
		F416D13C22B537D7005EEECB /* Info.plist */ = {isa = PBXFileReference; lastKnownFileType = text.plist.xml; path = Info.plist; sourceTree = "<group>"; };
		F4586D9622B78DA0003CA500 /* MarvelsTableViewCell.swift */ = {isa = PBXFileReference; lastKnownFileType = sourcecode.swift; path = MarvelsTableViewCell.swift; sourceTree = "<group>"; };
		F4586D9722B78DA0003CA500 /* MarvelsTableViewCell.xib */ = {isa = PBXFileReference; lastKnownFileType = file.xib; path = MarvelsTableViewCell.xib; sourceTree = "<group>"; };
		F4586D9A22B78F02003CA500 /* CustomSpinner.swift */ = {isa = PBXFileReference; fileEncoding = 4; lastKnownFileType = sourcecode.swift; path = CustomSpinner.swift; sourceTree = "<group>"; };
		F4586D9C22B78F5C003CA500 /* Ext-TableView.swift */ = {isa = PBXFileReference; lastKnownFileType = sourcecode.swift; path = "Ext-TableView.swift"; sourceTree = "<group>"; };
		F4586D9E22B79018003CA500 /* Ext-SearchBar.swift */ = {isa = PBXFileReference; lastKnownFileType = sourcecode.swift; path = "Ext-SearchBar.swift"; sourceTree = "<group>"; };
		F4586DA022B790D8003CA500 /* Marvel.swift */ = {isa = PBXFileReference; lastKnownFileType = sourcecode.swift; path = Marvel.swift; sourceTree = "<group>"; };
		F4586DA322B7914B003CA500 /* NetworkMarvel.swift */ = {isa = PBXFileReference; lastKnownFileType = sourcecode.swift; path = NetworkMarvel.swift; sourceTree = "<group>"; };
		F4586DA522B792FA003CA500 /* SaveDataWrapper.swift */ = {isa = PBXFileReference; lastKnownFileType = sourcecode.swift; path = SaveDataWrapper.swift; sourceTree = "<group>"; };
		F4586DA722B7970D003CA500 /* Colors.swift */ = {isa = PBXFileReference; fileEncoding = 4; lastKnownFileType = sourcecode.swift; path = Colors.swift; sourceTree = "<group>"; };
		F4586DA922B7971D003CA500 /* UIViewExt.swift */ = {isa = PBXFileReference; fileEncoding = 4; lastKnownFileType = sourcecode.swift; path = UIViewExt.swift; sourceTree = "<group>"; };
		F4586DAA22B7971E003CA500 /* UIImageViewExt.swift */ = {isa = PBXFileReference; fileEncoding = 4; lastKnownFileType = sourcecode.swift; path = UIImageViewExt.swift; sourceTree = "<group>"; };
		F4586DAD22B7972E003CA500 /* UIButtonExt.swift */ = {isa = PBXFileReference; fileEncoding = 4; lastKnownFileType = sourcecode.swift; path = UIButtonExt.swift; sourceTree = "<group>"; };
		F4586DAE22B7972E003CA500 /* UILabelExt.swift */ = {isa = PBXFileReference; fileEncoding = 4; lastKnownFileType = sourcecode.swift; path = UILabelExt.swift; sourceTree = "<group>"; };
		F4586DB122B79739003CA500 /* UITextFieldExt.swift */ = {isa = PBXFileReference; fileEncoding = 4; lastKnownFileType = sourcecode.swift; path = UITextFieldExt.swift; sourceTree = "<group>"; };
		F4586DB322B7C168003CA500 /* MarvelImage.swift */ = {isa = PBXFileReference; lastKnownFileType = sourcecode.swift; path = MarvelImage.swift; sourceTree = "<group>"; };
		F4853E7622B6373C0090305A /* Main.storyboard */ = {isa = PBXFileReference; lastKnownFileType = file.storyboard; path = Main.storyboard; sourceTree = "<group>"; };
/* End PBXFileReference section */

/* Begin PBXFrameworksBuildPhase section */
		F416D12A22B537D4005EEECB /* Frameworks */ = {
			isa = PBXFrameworksBuildPhase;
			buildActionMask = 2147483647;
			files = (
				C458C2937D925984E0BFA4CF /* Pods_Marvel_App.framework in Frameworks */,
			);
			runOnlyForDeploymentPostprocessing = 0;
		};
/* End PBXFrameworksBuildPhase section */

/* Begin PBXGroup section */
		4C3F94478AFDA7FC8A98A631 /* Frameworks */ = {
			isa = PBXGroup;
			children = (
				ABD82DAFFA66885217A08035 /* Pods_Marvel_App.framework */,
			);
			name = Frameworks;
			sourceTree = "<group>";
		};
		F39EA9861BC80883C70D410E /* Pods */ = {
			isa = PBXGroup;
			children = (
				C98F285FF1B17690322384CA /* Pods-Marvel-App.debug.xcconfig */,
				B2E5BB1D8AB247BD09F3B98A /* Pods-Marvel-App.release.xcconfig */,
			);
			name = Pods;
			sourceTree = "<group>";
		};
		F407281822B77665003F5B3F /* Model */ = {
			isa = PBXGroup;
			children = (
				F4586DA022B790D8003CA500 /* Marvel.swift */,
				F4586DB322B7C168003CA500 /* MarvelImage.swift */,
			);
			path = Model;
			sourceTree = "<group>";
		};
		F407281922B77694003F5B3F /* View */ = {
			isa = PBXGroup;
			children = (
				F4586DB122B79739003CA500 /* UITextFieldExt.swift */,
				F4586DAE22B7972E003CA500 /* UILabelExt.swift */,
				F4586DAD22B7972E003CA500 /* UIButtonExt.swift */,
				F4586DAA22B7971E003CA500 /* UIImageViewExt.swift */,
				F4586DA922B7971D003CA500 /* UIViewExt.swift */,
				F4586DA722B7970D003CA500 /* Colors.swift */,
				F4586D9A22B78F02003CA500 /* CustomSpinner.swift */,
			);
			path = View;
			sourceTree = "<group>";
		};
		F407281A22B77698003F5B3F /* Controller */ = {
			isa = PBXGroup;
			children = (
				F407281F22B78240003F5B3F /* MarvelsController */,
				F407282022B7824F003F5B3F /* MarvelsDetailesController */,
			);
			path = Controller;
			sourceTree = "<group>";
		};
		F407281F22B78240003F5B3F /* MarvelsController */ = {
			isa = PBXGroup;
			children = (
				F407281B22B781FE003F5B3F /* MarvelsController.swift */,
				F407282122B78261003F5B3F /* Extensions */,
				F4586D9522B78D7C003CA500 /* Cells */,
			);
			path = MarvelsController;
			sourceTree = "<group>";
		};
		F407282022B7824F003F5B3F /* MarvelsDetailesController */ = {
			isa = PBXGroup;
			children = (
				F407281D22B78215003F5B3F /* MarvelDetailsController.swift */,
			);
			path = MarvelsDetailesController;
			sourceTree = "<group>";
		};
		F407282122B78261003F5B3F /* Extensions */ = {
			isa = PBXGroup;
			children = (
				F4586D9C22B78F5C003CA500 /* Ext-TableView.swift */,
				F4586D9E22B79018003CA500 /* Ext-SearchBar.swift */,
			);
			path = Extensions;
			sourceTree = "<group>";
		};
		F407282222B78379003F5B3F /* CoreData */ = {
			isa = PBXGroup;
			children = (
				F407282322B78379003F5B3F /* CoreDataManager.swift */,
				F4586DA522B792FA003CA500 /* SaveDataWrapper.swift */,
				F407282422B78379003F5B3F /* Marvel.xcdatamodeld */,
			);
			path = CoreData;
			sourceTree = "<group>";
		};
		F407282822B7884C003F5B3F /* Networking */ = {
			isa = PBXGroup;
			children = (
				F407282922B7885D003F5B3F /* HandleRequests */,
				F4586DA222B79135003CA500 /* NetworkModels */,
			);
			path = Networking;
			sourceTree = "<group>";
		};
		F407282922B7885D003F5B3F /* HandleRequests */ = {
			isa = PBXGroup;
			children = (
				F407282A22B7885D003F5B3F /* AlamofireRequests.swift */,
				F407282B22B7885D003F5B3F /* DecodableCheck.swift */,
				F407282C22B7885D003F5B3F /* NetworkServices.swift */,
			);
			name = HandleRequests;
			path = "../../../../ProductsProject 2/ProductsProject/Networking/HandleRequests";
			sourceTree = "<group>";
		};
		F407283022B7887F003F5B3F /* Helpers */ = {
			isa = PBXGroup;
			children = (
				F407283122B7887F003F5B3F /* AppConstants.swift */,
				F407283222B7887F003F5B3F /* LoadImageFromURL.swift */,
				F407283322B7887F003F5B3F /* SearchController.swift */,
			);
			path = Helpers;
			sourceTree = "<group>";
		};
		F416D12422B537D4005EEECB = {
			isa = PBXGroup;
			children = (
				F416D12F22B537D4005EEECB /* Marvel-App */,
				F416D12E22B537D4005EEECB /* Products */,
				F39EA9861BC80883C70D410E /* Pods */,
				4C3F94478AFDA7FC8A98A631 /* Frameworks */,
			);
			sourceTree = "<group>";
		};
		F416D12E22B537D4005EEECB /* Products */ = {
			isa = PBXGroup;
			children = (
				F416D12D22B537D4005EEECB /* Marvel-App.app */,
			);
			name = Products;
			sourceTree = "<group>";
		};
		F416D12F22B537D4005EEECB /* Marvel-App */ = {
			isa = PBXGroup;
			children = (
				F407282222B78379003F5B3F /* CoreData */,
				F407283022B7887F003F5B3F /* Helpers */,
				F407282822B7884C003F5B3F /* Networking */,
				F407281822B77665003F5B3F /* Model */,
				F407281A22B77698003F5B3F /* Controller */,
				F407281922B77694003F5B3F /* View */,
				F416D13722B537D7005EEECB /* Assets.xcassets */,
				F4853E7622B6373C0090305A /* Main.storyboard */,
				F416D13922B537D7005EEECB /* LaunchScreen.storyboard */,
				F416D13022B537D4005EEECB /* AppDelegate.swift */,
				F416D13C22B537D7005EEECB /* Info.plist */,
			);
			path = "Marvel-App";
			sourceTree = "<group>";
		};
		F4586D9522B78D7C003CA500 /* Cells */ = {
			isa = PBXGroup;
			children = (
				F4586D9622B78DA0003CA500 /* MarvelsTableViewCell.swift */,
				F4586D9722B78DA0003CA500 /* MarvelsTableViewCell.xib */,
			);
			path = Cells;
			sourceTree = "<group>";
		};
		F4586DA222B79135003CA500 /* NetworkModels */ = {
			isa = PBXGroup;
			children = (
				F4586DA322B7914B003CA500 /* NetworkMarvel.swift */,
			);
			path = NetworkModels;
			sourceTree = "<group>";
		};
/* End PBXGroup section */

/* Begin PBXNativeTarget section */
		F416D12C22B537D4005EEECB /* Marvel-App */ = {
			isa = PBXNativeTarget;
			buildConfigurationList = F416D13F22B537D7005EEECB /* Build configuration list for PBXNativeTarget "Marvel-App" */;
			buildPhases = (
				0C27C404E910E640823F61B8 /* [CP] Check Pods Manifest.lock */,
				F416D12922B537D4005EEECB /* Sources */,
				F416D12A22B537D4005EEECB /* Frameworks */,
				F416D12B22B537D4005EEECB /* Resources */,
				D215B144F7B2C32E17B195BD /* [CP] Embed Pods Frameworks */,
			);
			buildRules = (
			);
			dependencies = (
			);
			name = "Marvel-App";
			productName = "Marvel-App";
			productReference = F416D12D22B537D4005EEECB /* Marvel-App.app */;
			productType = "com.apple.product-type.application";
		};
/* End PBXNativeTarget section */

/* Begin PBXProject section */
		F416D12522B537D4005EEECB /* Project object */ = {
			isa = PBXProject;
			attributes = {
				LastSwiftUpdateCheck = 1010;
				LastUpgradeCheck = 1010;
				ORGANIZATIONNAME = Amir;
				TargetAttributes = {
					F416D12C22B537D4005EEECB = {
						CreatedOnToolsVersion = 10.1;
					};
				};
			};
			buildConfigurationList = F416D12822B537D4005EEECB /* Build configuration list for PBXProject "Marvel-App" */;
			compatibilityVersion = "Xcode 9.3";
			developmentRegion = en;
			hasScannedForEncodings = 0;
			knownRegions = (
				en,
				Base,
			);
			mainGroup = F416D12422B537D4005EEECB;
			productRefGroup = F416D12E22B537D4005EEECB /* Products */;
			projectDirPath = "";
			projectRoot = "";
			targets = (
				F416D12C22B537D4005EEECB /* Marvel-App */,
			);
		};
/* End PBXProject section */

/* Begin PBXResourcesBuildPhase section */
		F416D12B22B537D4005EEECB /* Resources */ = {
			isa = PBXResourcesBuildPhase;
			buildActionMask = 2147483647;
			files = (
				F4853E7722B6373C0090305A /* Main.storyboard in Resources */,
				F416D13B22B537D7005EEECB /* LaunchScreen.storyboard in Resources */,
				F4586D9922B78DA0003CA500 /* MarvelsTableViewCell.xib in Resources */,
				F416D13822B537D7005EEECB /* Assets.xcassets in Resources */,
			);
			runOnlyForDeploymentPostprocessing = 0;
		};
/* End PBXResourcesBuildPhase section */

/* Begin PBXShellScriptBuildPhase section */
		0C27C404E910E640823F61B8 /* [CP] Check Pods Manifest.lock */ = {
			isa = PBXShellScriptBuildPhase;
			buildActionMask = 2147483647;
			files = (
			);
			inputPaths = (
				"${PODS_PODFILE_DIR_PATH}/Podfile.lock",
				"${PODS_ROOT}/Manifest.lock",
			);
			name = "[CP] Check Pods Manifest.lock";
			outputPaths = (
				"$(DERIVED_FILE_DIR)/Pods-Marvel-App-checkManifestLockResult.txt",
			);
			runOnlyForDeploymentPostprocessing = 0;
			shellPath = /bin/sh;
			shellScript = "diff \"${PODS_PODFILE_DIR_PATH}/Podfile.lock\" \"${PODS_ROOT}/Manifest.lock\" > /dev/null\nif [ $? != 0 ] ; then\n    # print error to STDERR\n    echo \"error: The sandbox is not in sync with the Podfile.lock. Run 'pod install' or update your CocoaPods installation.\" >&2\n    exit 1\nfi\n# This output is used by Xcode 'outputs' to avoid re-running this script phase.\necho \"SUCCESS\" > \"${SCRIPT_OUTPUT_FILE_0}\"\n";
			showEnvVarsInLog = 0;
		};
		D215B144F7B2C32E17B195BD /* [CP] Embed Pods Frameworks */ = {
			isa = PBXShellScriptBuildPhase;
			buildActionMask = 2147483647;
			files = (
			);
			inputPaths = (
				"${SRCROOT}/Pods/Target Support Files/Pods-Marvel-App/Pods-Marvel-App-frameworks.sh",
				"${BUILT_PRODUCTS_DIR}/Alamofire/Alamofire.framework",
				"${BUILT_PRODUCTS_DIR}/SwiftyJSON/SwiftyJSON.framework",
			);
			name = "[CP] Embed Pods Frameworks";
			outputPaths = (
				"${TARGET_BUILD_DIR}/${FRAMEWORKS_FOLDER_PATH}/Alamofire.framework",
				"${TARGET_BUILD_DIR}/${FRAMEWORKS_FOLDER_PATH}/SwiftyJSON.framework",
			);
			runOnlyForDeploymentPostprocessing = 0;
			shellPath = /bin/sh;
			shellScript = "\"${SRCROOT}/Pods/Target Support Files/Pods-Marvel-App/Pods-Marvel-App-frameworks.sh\"\n";
			showEnvVarsInLog = 0;
		};
/* End PBXShellScriptBuildPhase section */

/* Begin PBXSourcesBuildPhase section */
		F416D12922B537D4005EEECB /* Sources */ = {
			isa = PBXSourcesBuildPhase;
			buildActionMask = 2147483647;
			files = (
				F4586D9F22B79018003CA500 /* Ext-SearchBar.swift in Sources */,
				F407281C22B781FE003F5B3F /* MarvelsController.swift in Sources */,
				F4586D9B22B78F02003CA500 /* CustomSpinner.swift in Sources */,
				F407283422B7887F003F5B3F /* AppConstants.swift in Sources */,
				F407282722B78379003F5B3F /* Marvel.xcdatamodeld in Sources */,
				F407282E22B7885D003F5B3F /* DecodableCheck.swift in Sources */,
				F4586DB022B7972E003CA500 /* UILabelExt.swift in Sources */,
				F4586DB422B7C168003CA500 /* MarvelImage.swift in Sources */,
				F4586DA622B792FA003CA500 /* SaveDataWrapper.swift in Sources */,
				F4586DAC22B7971E003CA500 /* UIImageViewExt.swift in Sources */,
				F416D13122B537D4005EEECB /* AppDelegate.swift in Sources */,
				F407282622B78379003F5B3F /* CoreDataManager.swift in Sources */,
				F4586D9822B78DA0003CA500 /* MarvelsTableViewCell.swift in Sources */,
				F4586DAF22B7972E003CA500 /* UIButtonExt.swift in Sources */,
				F407282D22B7885D003F5B3F /* AlamofireRequests.swift in Sources */,
				F4586D9D22B78F5C003CA500 /* Ext-TableView.swift in Sources */,
				F4586DB222B79739003CA500 /* UITextFieldExt.swift in Sources */,
				F4586DAB22B7971E003CA500 /* UIViewExt.swift in Sources */,
				F4586DA822B7970D003CA500 /* Colors.swift in Sources */,
				F407283522B7887F003F5B3F /* LoadImageFromURL.swift in Sources */,
				F407283622B7887F003F5B3F /* SearchController.swift in Sources */,
				F407282F22B7885D003F5B3F /* NetworkServices.swift in Sources */,
				F4586DA122B790D8003CA500 /* Marvel.swift in Sources */,
				F4586DA422B7914B003CA500 /* NetworkMarvel.swift in Sources */,
				F407281E22B78215003F5B3F /* MarvelDetailsController.swift in Sources */,
			);
			runOnlyForDeploymentPostprocessing = 0;
		};
/* End PBXSourcesBuildPhase section */

/* Begin PBXVariantGroup section */
		F416D13922B537D7005EEECB /* LaunchScreen.storyboard */ = {
			isa = PBXVariantGroup;
			children = (
				F416D13A22B537D7005EEECB /* Base */,
			);
			name = LaunchScreen.storyboard;
			sourceTree = "<group>";
		};
/* End PBXVariantGroup section */

/* Begin XCBuildConfiguration section */
		F416D13D22B537D7005EEECB /* Debug */ = {
			isa = XCBuildConfiguration;
			buildSettings = {
				ALWAYS_SEARCH_USER_PATHS = NO;
				CLANG_ANALYZER_NONNULL = YES;
				CLANG_ANALYZER_NUMBER_OBJECT_CONVERSION = YES_AGGRESSIVE;
				CLANG_CXX_LANGUAGE_STANDARD = "gnu++14";
				CLANG_CXX_LIBRARY = "libc++";
				CLANG_ENABLE_MODULES = YES;
				CLANG_ENABLE_OBJC_ARC = YES;
				CLANG_ENABLE_OBJC_WEAK = YES;
				CLANG_WARN_BLOCK_CAPTURE_AUTORELEASING = YES;
				CLANG_WARN_BOOL_CONVERSION = YES;
				CLANG_WARN_COMMA = YES;
				CLANG_WARN_CONSTANT_CONVERSION = YES;
				CLANG_WARN_DEPRECATED_OBJC_IMPLEMENTATIONS = YES;
				CLANG_WARN_DIRECT_OBJC_ISA_USAGE = YES_ERROR;
				CLANG_WARN_DOCUMENTATION_COMMENTS = YES;
				CLANG_WARN_EMPTY_BODY = YES;
				CLANG_WARN_ENUM_CONVERSION = YES;
				CLANG_WARN_INFINITE_RECURSION = YES;
				CLANG_WARN_INT_CONVERSION = YES;
				CLANG_WARN_NON_LITERAL_NULL_CONVERSION = YES;
				CLANG_WARN_OBJC_IMPLICIT_RETAIN_SELF = YES;
				CLANG_WARN_OBJC_LITERAL_CONVERSION = YES;
				CLANG_WARN_OBJC_ROOT_CLASS = YES_ERROR;
				CLANG_WARN_RANGE_LOOP_ANALYSIS = YES;
				CLANG_WARN_STRICT_PROTOTYPES = YES;
				CLANG_WARN_SUSPICIOUS_MOVE = YES;
				CLANG_WARN_UNGUARDED_AVAILABILITY = YES_AGGRESSIVE;
				CLANG_WARN_UNREACHABLE_CODE = YES;
				CLANG_WARN__DUPLICATE_METHOD_MATCH = YES;
				CODE_SIGN_IDENTITY = "iPhone Developer";
				COPY_PHASE_STRIP = NO;
				DEBUG_INFORMATION_FORMAT = dwarf;
				ENABLE_STRICT_OBJC_MSGSEND = YES;
				ENABLE_TESTABILITY = YES;
				GCC_C_LANGUAGE_STANDARD = gnu11;
				GCC_DYNAMIC_NO_PIC = NO;
				GCC_NO_COMMON_BLOCKS = YES;
				GCC_OPTIMIZATION_LEVEL = 0;
				GCC_PREPROCESSOR_DEFINITIONS = (
					"DEBUG=1",
					"$(inherited)",
				);
				GCC_WARN_64_TO_32_BIT_CONVERSION = YES;
				GCC_WARN_ABOUT_RETURN_TYPE = YES_ERROR;
				GCC_WARN_UNDECLARED_SELECTOR = YES;
				GCC_WARN_UNINITIALIZED_AUTOS = YES_AGGRESSIVE;
				GCC_WARN_UNUSED_FUNCTION = YES;
				GCC_WARN_UNUSED_VARIABLE = YES;
				IPHONEOS_DEPLOYMENT_TARGET = 12.1;
				MTL_ENABLE_DEBUG_INFO = INCLUDE_SOURCE;
				MTL_FAST_MATH = YES;
				ONLY_ACTIVE_ARCH = YES;
				SDKROOT = iphoneos;
				SWIFT_ACTIVE_COMPILATION_CONDITIONS = DEBUG;
				SWIFT_OPTIMIZATION_LEVEL = "-Onone";
			};
			name = Debug;
		};
		F416D13E22B537D7005EEECB /* Release */ = {
			isa = XCBuildConfiguration;
			buildSettings = {
				ALWAYS_SEARCH_USER_PATHS = NO;
				CLANG_ANALYZER_NONNULL = YES;
				CLANG_ANALYZER_NUMBER_OBJECT_CONVERSION = YES_AGGRESSIVE;
				CLANG_CXX_LANGUAGE_STANDARD = "gnu++14";
				CLANG_CXX_LIBRARY = "libc++";
				CLANG_ENABLE_MODULES = YES;
				CLANG_ENABLE_OBJC_ARC = YES;
				CLANG_ENABLE_OBJC_WEAK = YES;
				CLANG_WARN_BLOCK_CAPTURE_AUTORELEASING = YES;
				CLANG_WARN_BOOL_CONVERSION = YES;
				CLANG_WARN_COMMA = YES;
				CLANG_WARN_CONSTANT_CONVERSION = YES;
				CLANG_WARN_DEPRECATED_OBJC_IMPLEMENTATIONS = YES;
				CLANG_WARN_DIRECT_OBJC_ISA_USAGE = YES_ERROR;
				CLANG_WARN_DOCUMENTATION_COMMENTS = YES;
				CLANG_WARN_EMPTY_BODY = YES;
				CLANG_WARN_ENUM_CONVERSION = YES;
				CLANG_WARN_INFINITE_RECURSION = YES;
				CLANG_WARN_INT_CONVERSION = YES;
				CLANG_WARN_NON_LITERAL_NULL_CONVERSION = YES;
				CLANG_WARN_OBJC_IMPLICIT_RETAIN_SELF = YES;
				CLANG_WARN_OBJC_LITERAL_CONVERSION = YES;
				CLANG_WARN_OBJC_ROOT_CLASS = YES_ERROR;
				CLANG_WARN_RANGE_LOOP_ANALYSIS = YES;
				CLANG_WARN_STRICT_PROTOTYPES = YES;
				CLANG_WARN_SUSPICIOUS_MOVE = YES;
				CLANG_WARN_UNGUARDED_AVAILABILITY = YES_AGGRESSIVE;
				CLANG_WARN_UNREACHABLE_CODE = YES;
				CLANG_WARN__DUPLICATE_METHOD_MATCH = YES;
				CODE_SIGN_IDENTITY = "iPhone Developer";
				COPY_PHASE_STRIP = NO;
				DEBUG_INFORMATION_FORMAT = "dwarf-with-dsym";
				ENABLE_NS_ASSERTIONS = NO;
				ENABLE_STRICT_OBJC_MSGSEND = YES;
				GCC_C_LANGUAGE_STANDARD = gnu11;
				GCC_NO_COMMON_BLOCKS = YES;
				GCC_WARN_64_TO_32_BIT_CONVERSION = YES;
				GCC_WARN_ABOUT_RETURN_TYPE = YES_ERROR;
				GCC_WARN_UNDECLARED_SELECTOR = YES;
				GCC_WARN_UNINITIALIZED_AUTOS = YES_AGGRESSIVE;
				GCC_WARN_UNUSED_FUNCTION = YES;
				GCC_WARN_UNUSED_VARIABLE = YES;
				IPHONEOS_DEPLOYMENT_TARGET = 12.1;
				MTL_ENABLE_DEBUG_INFO = NO;
				MTL_FAST_MATH = YES;
				SDKROOT = iphoneos;
				SWIFT_COMPILATION_MODE = wholemodule;
				SWIFT_OPTIMIZATION_LEVEL = "-O";
				VALIDATE_PRODUCT = YES;
			};
			name = Release;
		};
		F416D14022B537D7005EEECB /* Debug */ = {
			isa = XCBuildConfiguration;
			baseConfigurationReference = C98F285FF1B17690322384CA /* Pods-Marvel-App.debug.xcconfig */;
			buildSettings = {
				ASSETCATALOG_COMPILER_APPICON_NAME = AppIcon;
				CODE_SIGN_STYLE = Automatic;
				DEVELOPMENT_TEAM = R2D5S67W67;
				INFOPLIST_FILE = "Marvel-App/Info.plist";
				IPHONEOS_DEPLOYMENT_TARGET = 11.0;
				LD_RUNPATH_SEARCH_PATHS = (
					"$(inherited)",
					"@executable_path/Frameworks",
				);
				PRODUCT_BUNDLE_IDENTIFIER = "com.amir.Marvel-App";
				PRODUCT_NAME = "$(TARGET_NAME)";
				SWIFT_VERSION = 4.2;
				TARGETED_DEVICE_FAMILY = "1,2";
			};
			name = Debug;
		};
		F416D14122B537D7005EEECB /* Release */ = {
			isa = XCBuildConfiguration;
			baseConfigurationReference = B2E5BB1D8AB247BD09F3B98A /* Pods-Marvel-App.release.xcconfig */;
			buildSettings = {
				ASSETCATALOG_COMPILER_APPICON_NAME = AppIcon;
				CODE_SIGN_STYLE = Automatic;
				DEVELOPMENT_TEAM = R2D5S67W67;
				INFOPLIST_FILE = "Marvel-App/Info.plist";
				IPHONEOS_DEPLOYMENT_TARGET = 11.0;
				LD_RUNPATH_SEARCH_PATHS = (
					"$(inherited)",
					"@executable_path/Frameworks",
				);
				PRODUCT_BUNDLE_IDENTIFIER = "com.amir.Marvel-App";
				PRODUCT_NAME = "$(TARGET_NAME)";
				SWIFT_VERSION = 4.2;
				TARGETED_DEVICE_FAMILY = "1,2";
			};
			name = Release;
		};
/* End XCBuildConfiguration section */

/* Begin XCConfigurationList section */
		F416D12822B537D4005EEECB /* Build configuration list for PBXProject "Marvel-App" */ = {
			isa = XCConfigurationList;
			buildConfigurations = (
				F416D13D22B537D7005EEECB /* Debug */,
				F416D13E22B537D7005EEECB /* Release */,
			);
			defaultConfigurationIsVisible = 0;
			defaultConfigurationName = Release;
		};
		F416D13F22B537D7005EEECB /* Build configuration list for PBXNativeTarget "Marvel-App" */ = {
			isa = XCConfigurationList;
			buildConfigurations = (
				F416D14022B537D7005EEECB /* Debug */,
				F416D14122B537D7005EEECB /* Release */,
			);
			defaultConfigurationIsVisible = 0;
			defaultConfigurationName = Release;
		};
/* End XCConfigurationList section */

/* Begin XCVersionGroup section */
		F407282422B78379003F5B3F /* Marvel.xcdatamodeld */ = {
			isa = XCVersionGroup;
			children = (
				F407282522B78379003F5B3F /* ProductsProject.xcdatamodel */,
			);
			currentVersion = F407282522B78379003F5B3F /* ProductsProject.xcdatamodel */;
			path = Marvel.xcdatamodeld;
			sourceTree = "<group>";
			versionGroupType = wrapper.xcdatamodel;
		};
/* End XCVersionGroup section */
	};
	rootObject = F416D12522B537D4005EEECB /* Project object */;
}
